
Microsoft Visual Studio Solution File, Format Version 12.00
# Visual Studio Version 17
VisualStudioVersion = 17.5.33516.290
MinimumVisualStudioVersion = 10.0.40219.1
Project("{9A19103F-16F7-4668-BE54-9A1E7A4F7556}") = "Producer", "Producer\Producer.csproj", "{0EDF322A-B6B0-44B5-8264-6BBE514BB8B4}"
EndProject
Project("{FAE04EC0-301F-11D3-BF4B-00C04F79EFBC}") = "Consumer", "Consumer\Consumer.csproj", "{1ED707B5-C449-484D-A3DC-AA010AF1A40C}"
EndProject
Global
	GlobalSection(SolutionConfigurationPlatforms) = preSolution
		Debug|Any CPU = Debug|Any CPU
		Release|Any CPU = Release|Any CPU
	EndGlobalSection
	GlobalSection(ProjectConfigurationPlatforms) = postSolution
		{0EDF322A-B6B0-44B5-8264-6BBE514BB8B4}.Debug|Any CPU.ActiveCfg = Debug|Any CPU
		{0EDF322A-B6B0-44B5-8264-6BBE514BB8B4}.Debug|Any CPU.Build.0 = Debug|Any CPU
		{0EDF322A-B6B0-44B5-8264-6BBE514BB8B4}.Release|Any CPU.ActiveCfg = Release|Any CPU
		{0EDF322A-B6B0-44B5-8264-6BBE514BB8B4}.Release|Any CPU.Build.0 = Release|Any CPU
		{1ED707B5-C449-484D-A3DC-AA010AF1A40C}.Debug|Any CPU.ActiveCfg = Debug|Any CPU
		{1ED707B5-C449-484D-A3DC-AA010AF1A40C}.Debug|Any CPU.Build.0 = Debug|Any CPU
		{1ED707B5-C449-484D-A3DC-AA010AF1A40C}.Release|Any CPU.ActiveCfg = Release|Any CPU
		{1ED707B5-C449-484D-A3DC-AA010AF1A40C}.Release|Any CPU.Build.0 = Release|Any CPU
	EndGlobalSection
	GlobalSection(SolutionProperties) = preSolution
		HideSolutionNode = FALSE
	EndGlobalSection
	GlobalSection(ExtensibilityGlobals) = postSolution
		SolutionGuid = {18404643-C5FA-49CA-9C48-3883C98D692B}
	EndGlobalSection
EndGlobal
