
Microsoft Visual Studio Solution File, Format Version 12.00
# Visual Studio Version 17
VisualStudioVersion = 17.5.33516.290
MinimumVisualStudioVersion = 10.0.40219.1
Project("{9A19103F-16F7-4668-BE54-9A1E7A4F7556}") = "Producer", "Producer\Producer.csproj", "{0EDF322A-B6B0-44B5-8264-6BBE514BB8B4}"
EndProject
Project("{9A19103F-16F7-4668-BE54-9A1E7A4F7556}") = "Consumer", "Consumer\Consumer.csproj", "{1ED707B5-C449-484D-A3DC-AA010AF1A40C}"
EndProject
Project("{2150E333-8FDC-42A3-9474-1A3956D46DE8}") = "1 - ProducerConsumer", "1 - ProducerConsumer", "{1B5D8C80-BFD6-4E3C-B54E-0378D2442918}"
EndProject
Project("{2150E333-8FDC-42A3-9474-1A3956D46DE8}") = "2 - InstancesLoadBalancer", "2 - InstancesLoadBalancer", "{6D181D77-59AA-4223-B04D-458511D5916C}"
EndProject
Project("{9A19103F-16F7-4668-BE54-9A1E7A4F7556}") = "NewTask", "NewTask\NewTask.csproj", "{247FFF6B-8544-4C9C-9033-0442557C518B}"
EndProject
Project("{9A19103F-16F7-4668-BE54-9A1E7A4F7556}") = "Worker", "Worker\Worker.csproj", "{5CAD6E21-4B40-483E-A88A-BA3A6ECD5541}"
EndProject
Project("{2150E333-8FDC-42A3-9474-1A3956D46DE8}") = "3 - PublishSubscribe", "3 - PublishSubscribe", "{69C22092-B7DF-49D3-A562-AFA061B64170}"
EndProject
Project("{9A19103F-16F7-4668-BE54-9A1E7A4F7556}") = "EmitLog", "EmitLog\EmitLog.csproj", "{F85AA6EB-7151-4779-83A8-10D8F61F06F8}"
EndProject
Project("{9A19103F-16F7-4668-BE54-9A1E7A4F7556}") = "ReceiveLogs", "ReceiveLogs\ReceiveLogs.csproj", "{71F5847F-07A0-41CD-AE11-C3BEA17906E2}"
EndProject
Project("{2150E333-8FDC-42A3-9474-1A3956D46DE8}") = "4 - RoutingMessages", "4 - RoutingMessages", "{5A19CD1C-1D62-4D29-8052-0C2DAE13D85D}"
EndProject
Project("{9A19103F-16F7-4668-BE54-9A1E7A4F7556}") = "EmitLogDirect", "EmitLogDirect\EmitLogDirect.csproj", "{26CE42FF-07AB-40B5-8E4C-3F3FE65886E8}"
EndProject
Project("{9A19103F-16F7-4668-BE54-9A1E7A4F7556}") = "ReceiveLogsDirect", "ReceiveLogsDirect\ReceiveLogsDirect.csproj", "{BC9B5C35-DA98-4337-BACF-E32F49967CFC}"
EndProject
Project("{2150E333-8FDC-42A3-9474-1A3956D46DE8}") = "5 - Topics", "5 - Topics", "{11D1F8F0-81B4-40ED-8FD1-E1DD66D5659C}"
EndProject
Project("{FAE04EC0-301F-11D3-BF4B-00C04F79EFBC}") = "EmitLogTopic", "EmitLogTopic\EmitLogTopic.csproj", "{F95A94FB-23A6-4339-962B-329E0328FDC4}"
EndProject
Project("{FAE04EC0-301F-11D3-BF4B-00C04F79EFBC}") = "ReceiveLogsTopic", "ReceiveLogsTopic\ReceiveLogsTopic.csproj", "{84A6D5E0-8DD3-4D0C-8048-59780ECF9566}"
EndProject
Global
	GlobalSection(SolutionConfigurationPlatforms) = preSolution
		Debug|Any CPU = Debug|Any CPU
		Release|Any CPU = Release|Any CPU
	EndGlobalSection
	GlobalSection(ProjectConfigurationPlatforms) = postSolution
		{0EDF322A-B6B0-44B5-8264-6BBE514BB8B4}.Debug|Any CPU.ActiveCfg = Debug|Any CPU
		{0EDF322A-B6B0-44B5-8264-6BBE514BB8B4}.Debug|Any CPU.Build.0 = Debug|Any CPU
		{0EDF322A-B6B0-44B5-8264-6BBE514BB8B4}.Release|Any CPU.ActiveCfg = Release|Any CPU
		{0EDF322A-B6B0-44B5-8264-6BBE514BB8B4}.Release|Any CPU.Build.0 = Release|Any CPU
		{1ED707B5-C449-484D-A3DC-AA010AF1A40C}.Debug|Any CPU.ActiveCfg = Debug|Any CPU
		{1ED707B5-C449-484D-A3DC-AA010AF1A40C}.Debug|Any CPU.Build.0 = Debug|Any CPU
		{1ED707B5-C449-484D-A3DC-AA010AF1A40C}.Release|Any CPU.ActiveCfg = Release|Any CPU
		{1ED707B5-C449-484D-A3DC-AA010AF1A40C}.Release|Any CPU.Build.0 = Release|Any CPU
		{247FFF6B-8544-4C9C-9033-0442557C518B}.Debug|Any CPU.ActiveCfg = Debug|Any CPU
		{247FFF6B-8544-4C9C-9033-0442557C518B}.Debug|Any CPU.Build.0 = Debug|Any CPU
		{247FFF6B-8544-4C9C-9033-0442557C518B}.Release|Any CPU.ActiveCfg = Release|Any CPU
		{247FFF6B-8544-4C9C-9033-0442557C518B}.Release|Any CPU.Build.0 = Release|Any CPU
		{5CAD6E21-4B40-483E-A88A-BA3A6ECD5541}.Debug|Any CPU.ActiveCfg = Debug|Any CPU
		{5CAD6E21-4B40-483E-A88A-BA3A6ECD5541}.Debug|Any CPU.Build.0 = Debug|Any CPU
		{5CAD6E21-4B40-483E-A88A-BA3A6ECD5541}.Release|Any CPU.ActiveCfg = Release|Any CPU
		{5CAD6E21-4B40-483E-A88A-BA3A6ECD5541}.Release|Any CPU.Build.0 = Release|Any CPU
		{F85AA6EB-7151-4779-83A8-10D8F61F06F8}.Debug|Any CPU.ActiveCfg = Debug|Any CPU
		{F85AA6EB-7151-4779-83A8-10D8F61F06F8}.Debug|Any CPU.Build.0 = Debug|Any CPU
		{F85AA6EB-7151-4779-83A8-10D8F61F06F8}.Release|Any CPU.ActiveCfg = Release|Any CPU
		{F85AA6EB-7151-4779-83A8-10D8F61F06F8}.Release|Any CPU.Build.0 = Release|Any CPU
		{71F5847F-07A0-41CD-AE11-C3BEA17906E2}.Debug|Any CPU.ActiveCfg = Debug|Any CPU
		{71F5847F-07A0-41CD-AE11-C3BEA17906E2}.Debug|Any CPU.Build.0 = Debug|Any CPU
		{71F5847F-07A0-41CD-AE11-C3BEA17906E2}.Release|Any CPU.ActiveCfg = Release|Any CPU
		{71F5847F-07A0-41CD-AE11-C3BEA17906E2}.Release|Any CPU.Build.0 = Release|Any CPU
		{26CE42FF-07AB-40B5-8E4C-3F3FE65886E8}.Debug|Any CPU.ActiveCfg = Debug|Any CPU
		{26CE42FF-07AB-40B5-8E4C-3F3FE65886E8}.Debug|Any CPU.Build.0 = Debug|Any CPU
		{26CE42FF-07AB-40B5-8E4C-3F3FE65886E8}.Release|Any CPU.ActiveCfg = Release|Any CPU
		{26CE42FF-07AB-40B5-8E4C-3F3FE65886E8}.Release|Any CPU.Build.0 = Release|Any CPU
		{BC9B5C35-DA98-4337-BACF-E32F49967CFC}.Debug|Any CPU.ActiveCfg = Debug|Any CPU
		{BC9B5C35-DA98-4337-BACF-E32F49967CFC}.Debug|Any CPU.Build.0 = Debug|Any CPU
		{BC9B5C35-DA98-4337-BACF-E32F49967CFC}.Release|Any CPU.ActiveCfg = Release|Any CPU
		{BC9B5C35-DA98-4337-BACF-E32F49967CFC}.Release|Any CPU.Build.0 = Release|Any CPU
		{F95A94FB-23A6-4339-962B-329E0328FDC4}.Debug|Any CPU.ActiveCfg = Debug|Any CPU
		{F95A94FB-23A6-4339-962B-329E0328FDC4}.Debug|Any CPU.Build.0 = Debug|Any CPU
		{F95A94FB-23A6-4339-962B-329E0328FDC4}.Release|Any CPU.ActiveCfg = Release|Any CPU
		{F95A94FB-23A6-4339-962B-329E0328FDC4}.Release|Any CPU.Build.0 = Release|Any CPU
		{84A6D5E0-8DD3-4D0C-8048-59780ECF9566}.Debug|Any CPU.ActiveCfg = Debug|Any CPU
		{84A6D5E0-8DD3-4D0C-8048-59780ECF9566}.Debug|Any CPU.Build.0 = Debug|Any CPU
		{84A6D5E0-8DD3-4D0C-8048-59780ECF9566}.Release|Any CPU.ActiveCfg = Release|Any CPU
		{84A6D5E0-8DD3-4D0C-8048-59780ECF9566}.Release|Any CPU.Build.0 = Release|Any CPU
	EndGlobalSection
	GlobalSection(SolutionProperties) = preSolution
		HideSolutionNode = FALSE
	EndGlobalSection
	GlobalSection(NestedProjects) = preSolution
		{0EDF322A-B6B0-44B5-8264-6BBE514BB8B4} = {1B5D8C80-BFD6-4E3C-B54E-0378D2442918}
		{1ED707B5-C449-484D-A3DC-AA010AF1A40C} = {1B5D8C80-BFD6-4E3C-B54E-0378D2442918}
		{247FFF6B-8544-4C9C-9033-0442557C518B} = {6D181D77-59AA-4223-B04D-458511D5916C}
		{5CAD6E21-4B40-483E-A88A-BA3A6ECD5541} = {6D181D77-59AA-4223-B04D-458511D5916C}
		{F85AA6EB-7151-4779-83A8-10D8F61F06F8} = {69C22092-B7DF-49D3-A562-AFA061B64170}
		{71F5847F-07A0-41CD-AE11-C3BEA17906E2} = {69C22092-B7DF-49D3-A562-AFA061B64170}
		{26CE42FF-07AB-40B5-8E4C-3F3FE65886E8} = {5A19CD1C-1D62-4D29-8052-0C2DAE13D85D}
		{BC9B5C35-DA98-4337-BACF-E32F49967CFC} = {5A19CD1C-1D62-4D29-8052-0C2DAE13D85D}
		{F95A94FB-23A6-4339-962B-329E0328FDC4} = {11D1F8F0-81B4-40ED-8FD1-E1DD66D5659C}
		{84A6D5E0-8DD3-4D0C-8048-59780ECF9566} = {11D1F8F0-81B4-40ED-8FD1-E1DD66D5659C}
	EndGlobalSection
	GlobalSection(ExtensibilityGlobals) = postSolution
		SolutionGuid = {18404643-C5FA-49CA-9C48-3883C98D692B}
	EndGlobalSection
EndGlobal
